
Microsoft Visual Studio Solution File, Format Version 12.00
# Visual Studio Version 17
VisualStudioVersion = 17.11.35303.130
MinimumVisualStudioVersion = 10.0.40219.1
Project("{FAE04EC0-301F-11D3-BF4B-00C04F79EFBC}") = "MagicVilla_VillaAPI", "MagicVilla_VillaAPI\MagicVilla_VillaAPI.csproj", "{490DFCAB-3F5E-433B-A70C-4DB5CF924F8F}"
EndProject
Global
	GlobalSection(SolutionConfigurationPlatforms) = preSolution
		Debug|Any CPU = Debug|Any CPU
		Release|Any CPU = Release|Any CPU
	EndGlobalSection
	GlobalSection(ProjectConfigurationPlatforms) = postSolution
		{490DFCAB-3F5E-433B-A70C-4DB5CF924F8F}.Debug|Any CPU.ActiveCfg = Debug|Any CPU
		{490DFCAB-3F5E-433B-A70C-4DB5CF924F8F}.Debug|Any CPU.Build.0 = Debug|Any CPU
		{490DFCAB-3F5E-433B-A70C-4DB5CF924F8F}.Release|Any CPU.ActiveCfg = Release|Any CPU
		{490DFCAB-3F5E-433B-A70C-4DB5CF924F8F}.Release|Any CPU.Build.0 = Release|Any CPU
	EndGlobalSection
	GlobalSection(SolutionProperties) = preSolution
		HideSolutionNode = FALSE
	EndGlobalSection
	GlobalSection(ExtensibilityGlobals) = postSolution
		SolutionGuid = {1F53DCD0-3CDF-4A01-999F-D8957125D716}
	EndGlobalSection
EndGlobal
